
Microsoft Visual Studio Solution File, Format Version 12.00
# Visual Studio Version 17
VisualStudioVersion = 17.5.33627.172
MinimumVisualStudioVersion = 10.0.40219.1
Project("{9A19103F-16F7-4668-BE54-9A1E7A4F7556}") = "ContextRecord", "ContextRecord\ContextRecord.csproj", "{2A97F7A9-107B-4719-9569-43DCC1B442AC}"
EndProject
Project("{9A19103F-16F7-4668-BE54-9A1E7A4F7556}") = "ContextRecord.Wpf", "ContextRecord.Wpf\ContextRecord.Wpf.csproj", "{0BFE6C3F-BE2C-4AEC-944C-F1FB1D16ABBA}"
EndProject
Global
	GlobalSection(SolutionConfigurationPlatforms) = preSolution
		Debug|Any CPU = Debug|Any CPU
		Release|Any CPU = Release|Any CPU
	EndGlobalSection
	GlobalSection(ProjectConfigurationPlatforms) = postSolution
		{2A97F7A9-107B-4719-9569-43DCC1B442AC}.Debug|Any CPU.ActiveCfg = Debug|Any CPU
		{2A97F7A9-107B-4719-9569-43DCC1B442AC}.Debug|Any CPU.Build.0 = Debug|Any CPU
		{2A97F7A9-107B-4719-9569-43DCC1B442AC}.Release|Any CPU.ActiveCfg = Release|Any CPU
		{2A97F7A9-107B-4719-9569-43DCC1B442AC}.Release|Any CPU.Build.0 = Release|Any CPU
		{0BFE6C3F-BE2C-4AEC-944C-F1FB1D16ABBA}.Debug|Any CPU.ActiveCfg = Debug|Any CPU
		{0BFE6C3F-BE2C-4AEC-944C-F1FB1D16ABBA}.Debug|Any CPU.Build.0 = Debug|Any CPU
		{0BFE6C3F-BE2C-4AEC-944C-F1FB1D16ABBA}.Release|Any CPU.ActiveCfg = Release|Any CPU
		{0BFE6C3F-BE2C-4AEC-944C-F1FB1D16ABBA}.Release|Any CPU.Build.0 = Release|Any CPU
	EndGlobalSection
	GlobalSection(SolutionProperties) = preSolution
		HideSolutionNode = FALSE
	EndGlobalSection
	GlobalSection(ExtensibilityGlobals) = postSolution
		SolutionGuid = {E8F2B8DF-8648-41B6-A2A3-80E9A5820EE6}
	EndGlobalSection
EndGlobal
